
Microsoft Visual Studio Solution File, Format Version 12.00
# Visual Studio 15
VisualStudioVersion = 15.0.27130.2026
MinimumVisualStudioVersion = 10.0.40219.1
Project("{FAE04EC0-301F-11D3-BF4B-00C04F79EFBC}") = "bitCoinMonitor", "bitCoinMonitor\bitCoinMonitor.csproj", "{5BAC375D-9523-4DFC-953F-45D1B50791BA}"
EndProject
Global
	GlobalSection(SolutionConfigurationPlatforms) = preSolution
		Debug|Any CPU = Debug|Any CPU
		Release|Any CPU = Release|Any CPU
	EndGlobalSection
	GlobalSection(ProjectConfigurationPlatforms) = postSolution
		{5BAC375D-9523-4DFC-953F-45D1B50791BA}.Debug|Any CPU.ActiveCfg = Debug|Any CPU
		{5BAC375D-9523-4DFC-953F-45D1B50791BA}.Debug|Any CPU.Build.0 = Debug|Any CPU
		{5BAC375D-9523-4DFC-953F-45D1B50791BA}.Release|Any CPU.ActiveCfg = Release|Any CPU
		{5BAC375D-9523-4DFC-953F-45D1B50791BA}.Release|Any CPU.Build.0 = Release|Any CPU
	EndGlobalSection
	GlobalSection(SolutionProperties) = preSolution
		HideSolutionNode = FALSE
	EndGlobalSection
	GlobalSection(ExtensibilityGlobals) = postSolution
		SolutionGuid = {876C6509-D324-40BB-8C79-E944424A4904}
	EndGlobalSection
EndGlobal
